{
  "name": "plg",
  "version": "1.0.0",
  "lockfileVersion": 3,
  "requires": true,
  "packages": {
    "": {
      "name": "plg",
      "version": "1.0.0",
      "license": "ISC",
      "dependencies": {
        "perfect-scrollbar": "^1.5.6"
      }
    },
    "node_modules/perfect-scrollbar": {
      "version": "1.5.6",
      "resolved": "https://registry.npmjs.org/perfect-scrollbar/-/perfect-scrollbar-1.5.6.tgz",
      "integrity": "sha512-rixgxw3SxyJbCaSpo1n35A/fwI1r2rdwMKOTCg/AcG+xOEyZcE8UHVjpZMFCVImzsFoCZeJTT+M/rdEIQYO2nw==",
      "license": "MIT"
    }
  }
}
